
Microsoft Visual Studio Solution File, Format Version 12.00
# Visual Studio Version 17
VisualStudioVersion = 17.11.35312.102
MinimumVisualStudioVersion = 10.0.40219.1
Project("{FAE04EC0-301F-11D3-BF4B-00C04F79EFBC}") = "ApplicationFramework.Server", "ApplicationFramework.Server\ApplicationFramework.Server.csproj", "{37875A55-0EB2-44A8-8ABD-AE2D728866D8}"
EndProject
Project("{54A90642-561A-4BB1-A94E-469ADEE60C69}") = "applicationframework.client", "applicationframework.client\applicationframework.client.esproj", "{3B5C4C58-E92A-4983-9251-D0ADE014ECCA}"
EndProject
Global
	GlobalSection(SolutionConfigurationPlatforms) = preSolution
		Debug|Any CPU = Debug|Any CPU
		Release|Any CPU = Release|Any CPU
	EndGlobalSection
	GlobalSection(ProjectConfigurationPlatforms) = postSolution
		{37875A55-0EB2-44A8-8ABD-AE2D728866D8}.Debug|Any CPU.ActiveCfg = Debug|Any CPU
		{37875A55-0EB2-44A8-8ABD-AE2D728866D8}.Debug|Any CPU.Build.0 = Debug|Any CPU
		{37875A55-0EB2-44A8-8ABD-AE2D728866D8}.Release|Any CPU.ActiveCfg = Release|Any CPU
		{37875A55-0EB2-44A8-8ABD-AE2D728866D8}.Release|Any CPU.Build.0 = Release|Any CPU
		{3B5C4C58-E92A-4983-9251-D0ADE014ECCA}.Debug|Any CPU.ActiveCfg = Debug|Any CPU
		{3B5C4C58-E92A-4983-9251-D0ADE014ECCA}.Debug|Any CPU.Build.0 = Debug|Any CPU
		{3B5C4C58-E92A-4983-9251-D0ADE014ECCA}.Debug|Any CPU.Deploy.0 = Debug|Any CPU
		{3B5C4C58-E92A-4983-9251-D0ADE014ECCA}.Release|Any CPU.ActiveCfg = Release|Any CPU
		{3B5C4C58-E92A-4983-9251-D0ADE014ECCA}.Release|Any CPU.Build.0 = Release|Any CPU
		{3B5C4C58-E92A-4983-9251-D0ADE014ECCA}.Release|Any CPU.Deploy.0 = Release|Any CPU
	EndGlobalSection
	GlobalSection(SolutionProperties) = preSolution
		HideSolutionNode = FALSE
	EndGlobalSection
	GlobalSection(ExtensibilityGlobals) = postSolution
		SolutionGuid = {047AD00B-E294-4A91-83F1-E0BACB6433D5}
	EndGlobalSection
EndGlobal
